// !$*UTF8*$!
{
	archiveVersion = 1;
	classes = {
	};
	objectVersion = 50;
	objects = {

/* Begin PBXBuildFile section */
		E3D74D4D2632D2CB00B65024 /* AppDelegate.swift in Sources */ = {isa = PBXBuildFile; fileRef = E3D74D4C2632D2CB00B65024 /* AppDelegate.swift */; };
		E3D74D4F2632D2CB00B65024 /* SceneDelegate.swift in Sources */ = {isa = PBXBuildFile; fileRef = E3D74D4E2632D2CB00B65024 /* SceneDelegate.swift */; };
		E3D74D512632D2CB00B65024 /* ViewController.swift in Sources */ = {isa = PBXBuildFile; fileRef = E3D74D502632D2CB00B65024 /* ViewController.swift */; };
		E3D74D542632D2CB00B65024 /* Main.storyboard in Resources */ = {isa = PBXBuildFile; fileRef = E3D74D522632D2CB00B65024 /* Main.storyboard */; };
		E3D74D562632D2CE00B65024 /* Assets.xcassets in Resources */ = {isa = PBXBuildFile; fileRef = E3D74D552632D2CE00B65024 /* Assets.xcassets */; };
		E3D74D592632D2CE00B65024 /* LaunchScreen.storyboard in Resources */ = {isa = PBXBuildFile; fileRef = E3D74D572632D2CE00B65024 /* LaunchScreen.storyboard */; };
		E3D74D642632D2CE00B65024 /* Session2Tests.swift in Sources */ = {isa = PBXBuildFile; fileRef = E3D74D632632D2CE00B65024 /* Session2Tests.swift */; };
		E3D74D6F2632D2CE00B65024 /* Session2UITests.swift in Sources */ = {isa = PBXBuildFile; fileRef = E3D74D6E2632D2CE00B65024 /* Session2UITests.swift */; };
		E3D74D7E2632D4EE00B65024 /* SecondViewController.swift in Sources */ = {isa = PBXBuildFile; fileRef = E3D74D7D2632D4EE00B65024 /* SecondViewController.swift */; };
		E3D74D802632D54F00B65024 /* Second.storyboard in Resources */ = {isa = PBXBuildFile; fileRef = E3D74D7F2632D54F00B65024 /* Second.storyboard */; };
		E3D74D822632DA6D00B65024 /* SecondViewControllerDataSource.swift in Sources */ = {isa = PBXBuildFile; fileRef = E3D74D812632DA6D00B65024 /* SecondViewControllerDataSource.swift */; };
/* End PBXBuildFile section */

/* Begin PBXContainerItemProxy section */
		E3D74D602632D2CE00B65024 /* PBXContainerItemProxy */ = {
			isa = PBXContainerItemProxy;
			containerPortal = E3D74D412632D2CB00B65024 /* Project object */;
			proxyType = 1;
			remoteGlobalIDString = E3D74D482632D2CB00B65024;
			remoteInfo = Session2;
		};
		E3D74D6B2632D2CE00B65024 /* PBXContainerItemProxy */ = {
			isa = PBXContainerItemProxy;
			containerPortal = E3D74D412632D2CB00B65024 /* Project object */;
			proxyType = 1;
			remoteGlobalIDString = E3D74D482632D2CB00B65024;
			remoteInfo = Session2;
		};
/* End PBXContainerItemProxy section */

/* Begin PBXFileReference section */
		E3D74D492632D2CB00B65024 /* Session2.app */ = {isa = PBXFileReference; explicitFileType = wrapper.application; includeInIndex = 0; path = Session2.app; sourceTree = BUILT_PRODUCTS_DIR; };
		E3D74D4C2632D2CB00B65024 /* AppDelegate.swift */ = {isa = PBXFileReference; lastKnownFileType = sourcecode.swift; path = AppDelegate.swift; sourceTree = "<group>"; };
		E3D74D4E2632D2CB00B65024 /* SceneDelegate.swift */ = {isa = PBXFileReference; lastKnownFileType = sourcecode.swift; path = SceneDelegate.swift; sourceTree = "<group>"; };
		E3D74D502632D2CB00B65024 /* ViewController.swift */ = {isa = PBXFileReference; lastKnownFileType = sourcecode.swift; path = ViewController.swift; sourceTree = "<group>"; };
		E3D74D532632D2CB00B65024 /* Base */ = {isa = PBXFileReference; lastKnownFileType = file.storyboard; name = Base; path = Base.lproj/Main.storyboard; sourceTree = "<group>"; };
		E3D74D552632D2CE00B65024 /* Assets.xcassets */ = {isa = PBXFileReference; lastKnownFileType = folder.assetcatalog; path = Assets.xcassets; sourceTree = "<group>"; };
		E3D74D582632D2CE00B65024 /* Base */ = {isa = PBXFileReference; lastKnownFileType = file.storyboard; name = Base; path = Base.lproj/LaunchScreen.storyboard; sourceTree = "<group>"; };
		E3D74D5A2632D2CE00B65024 /* Info.plist */ = {isa = PBXFileReference; lastKnownFileType = text.plist.xml; path = Info.plist; sourceTree = "<group>"; };
		E3D74D5F2632D2CE00B65024 /* Session2Tests.xctest */ = {isa = PBXFileReference; explicitFileType = wrapper.cfbundle; includeInIndex = 0; path = Session2Tests.xctest; sourceTree = BUILT_PRODUCTS_DIR; };
		E3D74D632632D2CE00B65024 /* Session2Tests.swift */ = {isa = PBXFileReference; lastKnownFileType = sourcecode.swift; path = Session2Tests.swift; sourceTree = "<group>"; };
		E3D74D652632D2CE00B65024 /* Info.plist */ = {isa = PBXFileReference; lastKnownFileType = text.plist.xml; path = Info.plist; sourceTree = "<group>"; };
		E3D74D6A2632D2CE00B65024 /* Session2UITests.xctest */ = {isa = PBXFileReference; explicitFileType = wrapper.cfbundle; includeInIndex = 0; path = Session2UITests.xctest; sourceTree = BUILT_PRODUCTS_DIR; };
		E3D74D6E2632D2CE00B65024 /* Session2UITests.swift */ = {isa = PBXFileReference; lastKnownFileType = sourcecode.swift; path = Session2UITests.swift; sourceTree = "<group>"; };
		E3D74D702632D2CE00B65024 /* Info.plist */ = {isa = PBXFileReference; lastKnownFileType = text.plist.xml; path = Info.plist; sourceTree = "<group>"; };
		E3D74D7D2632D4EE00B65024 /* SecondViewController.swift */ = {isa = PBXFileReference; lastKnownFileType = sourcecode.swift; path = SecondViewController.swift; sourceTree = "<group>"; };
		E3D74D7F2632D54F00B65024 /* Second.storyboard */ = {isa = PBXFileReference; lastKnownFileType = file.storyboard; path = Second.storyboard; sourceTree = "<group>"; };
		E3D74D812632DA6D00B65024 /* SecondViewControllerDataSource.swift */ = {isa = PBXFileReference; lastKnownFileType = sourcecode.swift; path = SecondViewControllerDataSource.swift; sourceTree = "<group>"; };
/* End PBXFileReference section */

/* Begin PBXFrameworksBuildPhase section */
		E3D74D462632D2CB00B65024 /* Frameworks */ = {
			isa = PBXFrameworksBuildPhase;
			buildActionMask = 2147483647;
			files = (
			);
			runOnlyForDeploymentPostprocessing = 0;
		};
		E3D74D5C2632D2CE00B65024 /* Frameworks */ = {
			isa = PBXFrameworksBuildPhase;
			buildActionMask = 2147483647;
			files = (
			);
			runOnlyForDeploymentPostprocessing = 0;
		};
		E3D74D672632D2CE00B65024 /* Frameworks */ = {
			isa = PBXFrameworksBuildPhase;
			buildActionMask = 2147483647;
			files = (
			);
			runOnlyForDeploymentPostprocessing = 0;
		};
/* End PBXFrameworksBuildPhase section */

/* Begin PBXGroup section */
		E3D74D402632D2CB00B65024 = {
			isa = PBXGroup;
			children = (
				E3D74D4B2632D2CB00B65024 /* Session2 */,
				E3D74D622632D2CE00B65024 /* Session2Tests */,
				E3D74D6D2632D2CE00B65024 /* Session2UITests */,
				E3D74D4A2632D2CB00B65024 /* Products */,
			);
			sourceTree = "<group>";
		};
		E3D74D4A2632D2CB00B65024 /* Products */ = {
			isa = PBXGroup;
			children = (
				E3D74D492632D2CB00B65024 /* Session2.app */,
				E3D74D5F2632D2CE00B65024 /* Session2Tests.xctest */,
				E3D74D6A2632D2CE00B65024 /* Session2UITests.xctest */,
			);
			name = Products;
			sourceTree = "<group>";
		};
		E3D74D4B2632D2CB00B65024 /* Session2 */ = {
			isa = PBXGroup;
			children = (
				E3D74D7C2632D4D900B65024 /* SecondScreen */,
				E3D74D4C2632D2CB00B65024 /* AppDelegate.swift */,
				E3D74D4E2632D2CB00B65024 /* SceneDelegate.swift */,
				E3D74D502632D2CB00B65024 /* ViewController.swift */,
				E3D74D522632D2CB00B65024 /* Main.storyboard */,
				E3D74D552632D2CE00B65024 /* Assets.xcassets */,
				E3D74D572632D2CE00B65024 /* LaunchScreen.storyboard */,
				E3D74D5A2632D2CE00B65024 /* Info.plist */,
			);
			path = Session2;
			sourceTree = "<group>";
		};
		E3D74D622632D2CE00B65024 /* Session2Tests */ = {
			isa = PBXGroup;
			children = (
				E3D74D632632D2CE00B65024 /* Session2Tests.swift */,
				E3D74D652632D2CE00B65024 /* Info.plist */,
			);
			path = Session2Tests;
			sourceTree = "<group>";
		};
		E3D74D6D2632D2CE00B65024 /* Session2UITests */ = {
			isa = PBXGroup;
			children = (
				E3D74D6E2632D2CE00B65024 /* Session2UITests.swift */,
				E3D74D702632D2CE00B65024 /* Info.plist */,
			);
			path = Session2UITests;
			sourceTree = "<group>";
		};
		E3D74D7C2632D4D900B65024 /* SecondScreen */ = {
			isa = PBXGroup;
			children = (
				E3D74D7D2632D4EE00B65024 /* SecondViewController.swift */,
				E3D74D7F2632D54F00B65024 /* Second.storyboard */,
				E3D74D812632DA6D00B65024 /* SecondViewControllerDataSource.swift */,
			);
			path = SecondScreen;
			sourceTree = "<group>";
		};
/* End PBXGroup section */

/* Begin PBXNativeTarget section */
		E3D74D482632D2CB00B65024 /* Session2 */ = {
			isa = PBXNativeTarget;
			buildConfigurationList = E3D74D732632D2CE00B65024 /* Build configuration list for PBXNativeTarget "Session2" */;
			buildPhases = (
				E3D74D452632D2CB00B65024 /* Sources */,
				E3D74D462632D2CB00B65024 /* Frameworks */,
				E3D74D472632D2CB00B65024 /* Resources */,
			);
			buildRules = (
			);
			dependencies = (
			);
			name = Session2;
			productName = Session2;
			productReference = E3D74D492632D2CB00B65024 /* Session2.app */;
			productType = "com.apple.product-type.application";
		};
		E3D74D5E2632D2CE00B65024 /* Session2Tests */ = {
			isa = PBXNativeTarget;
			buildConfigurationList = E3D74D762632D2CE00B65024 /* Build configuration list for PBXNativeTarget "Session2Tests" */;
			buildPhases = (
				E3D74D5B2632D2CE00B65024 /* Sources */,
				E3D74D5C2632D2CE00B65024 /* Frameworks */,
				E3D74D5D2632D2CE00B65024 /* Resources */,
			);
			buildRules = (
			);
			dependencies = (
				E3D74D612632D2CE00B65024 /* PBXTargetDependency */,
			);
			name = Session2Tests;
			productName = Session2Tests;
			productReference = E3D74D5F2632D2CE00B65024 /* Session2Tests.xctest */;
			productType = "com.apple.product-type.bundle.unit-test";
		};
		E3D74D692632D2CE00B65024 /* Session2UITests */ = {
			isa = PBXNativeTarget;
			buildConfigurationList = E3D74D792632D2CE00B65024 /* Build configuration list for PBXNativeTarget "Session2UITests" */;
			buildPhases = (
				E3D74D662632D2CE00B65024 /* Sources */,
				E3D74D672632D2CE00B65024 /* Frameworks */,
				E3D74D682632D2CE00B65024 /* Resources */,
			);
			buildRules = (
			);
			dependencies = (
				E3D74D6C2632D2CE00B65024 /* PBXTargetDependency */,
			);
			name = Session2UITests;
			productName = Session2UITests;
			productReference = E3D74D6A2632D2CE00B65024 /* Session2UITests.xctest */;
			productType = "com.apple.product-type.bundle.ui-testing";
		};
/* End PBXNativeTarget section */

/* Begin PBXProject section */
		E3D74D412632D2CB00B65024 /* Project object */ = {
			isa = PBXProject;
			attributes = {
				LastSwiftUpdateCheck = 1250;
				LastUpgradeCheck = 1250;
				TargetAttributes = {
					E3D74D482632D2CB00B65024 = {
						CreatedOnToolsVersion = 12.5;
					};
					E3D74D5E2632D2CE00B65024 = {
						CreatedOnToolsVersion = 12.5;
						TestTargetID = E3D74D482632D2CB00B65024;
					};
					E3D74D692632D2CE00B65024 = {
						CreatedOnToolsVersion = 12.5;
						TestTargetID = E3D74D482632D2CB00B65024;
					};
				};
			};
			buildConfigurationList = E3D74D442632D2CB00B65024 /* Build configuration list for PBXProject "Session2" */;
			compatibilityVersion = "Xcode 9.3";
			developmentRegion = en;
			hasScannedForEncodings = 0;
			knownRegions = (
				en,
				Base,
			);
			mainGroup = E3D74D402632D2CB00B65024;
			productRefGroup = E3D74D4A2632D2CB00B65024 /* Products */;
			projectDirPath = "";
			projectRoot = "";
			targets = (
				E3D74D482632D2CB00B65024 /* Session2 */,
				E3D74D5E2632D2CE00B65024 /* Session2Tests */,
				E3D74D692632D2CE00B65024 /* Session2UITests */,
			);
		};
/* End PBXProject section */

/* Begin PBXResourcesBuildPhase section */
		E3D74D472632D2CB00B65024 /* Resources */ = {
			isa = PBXResourcesBuildPhase;
			buildActionMask = 2147483647;
			files = (
				E3D74D802632D54F00B65024 /* Second.storyboard in Resources */,
				E3D74D592632D2CE00B65024 /* LaunchScreen.storyboard in Resources */,
				E3D74D562632D2CE00B65024 /* Assets.xcassets in Resources */,
				E3D74D542632D2CB00B65024 /* Main.storyboard in Resources */,
			);
			runOnlyForDeploymentPostprocessing = 0;
		};
		E3D74D5D2632D2CE00B65024 /* Resources */ = {
			isa = PBXResourcesBuildPhase;
			buildActionMask = 2147483647;
			files = (
			);
			runOnlyForDeploymentPostprocessing = 0;
		};
		E3D74D682632D2CE00B65024 /* Resources */ = {
			isa = PBXResourcesBuildPhase;
			buildActionMask = 2147483647;
			files = (
			);
			runOnlyForDeploymentPostprocessing = 0;
		};
/* End PBXResourcesBuildPhase section */

/* Begin PBXSourcesBuildPhase section */
		E3D74D452632D2CB00B65024 /* Sources */ = {
			isa = PBXSourcesBuildPhase;
			buildActionMask = 2147483647;
			files = (
				E3D74D7E2632D4EE00B65024 /* SecondViewController.swift in Sources */,
				E3D74D512632D2CB00B65024 /* ViewController.swift in Sources */,
				E3D74D822632DA6D00B65024 /* SecondViewControllerDataSource.swift in Sources */,
				E3D74D4D2632D2CB00B65024 /* AppDelegate.swift in Sources */,
				E3D74D4F2632D2CB00B65024 /* SceneDelegate.swift in Sources */,
			);
			runOnlyForDeploymentPostprocessing = 0;
		};
		E3D74D5B2632D2CE00B65024 /* Sources */ = {
			isa = PBXSourcesBuildPhase;
			buildActionMask = 2147483647;
			files = (
				E3D74D642632D2CE00B65024 /* Session2Tests.swift in Sources */,
			);
			runOnlyForDeploymentPostprocessing = 0;
		};
		E3D74D662632D2CE00B65024 /* Sources */ = {
			isa = PBXSourcesBuildPhase;
			buildActionMask = 2147483647;
			files = (
				E3D74D6F2632D2CE00B65024 /* Session2UITests.swift in Sources */,
			);
			runOnlyForDeploymentPostprocessing = 0;
		};
/* End PBXSourcesBuildPhase section */

/* Begin PBXTargetDependency section */
		E3D74D612632D2CE00B65024 /* PBXTargetDependency */ = {
			isa = PBXTargetDependency;
			target = E3D74D482632D2CB00B65024 /* Session2 */;
			targetProxy = E3D74D602632D2CE00B65024 /* PBXContainerItemProxy */;
		};
		E3D74D6C2632D2CE00B65024 /* PBXTargetDependency */ = {
			isa = PBXTargetDependency;
			target = E3D74D482632D2CB00B65024 /* Session2 */;
			targetProxy = E3D74D6B2632D2CE00B65024 /* PBXContainerItemProxy */;
		};
/* End PBXTargetDependency section */

/* Begin PBXVariantGroup section */
		E3D74D522632D2CB00B65024 /* Main.storyboard */ = {
			isa = PBXVariantGroup;
			children = (
				E3D74D532632D2CB00B65024 /* Base */,
			);
			name = Main.storyboard;
			sourceTree = "<group>";
		};
		E3D74D572632D2CE00B65024 /* LaunchScreen.storyboard */ = {
			isa = PBXVariantGroup;
			children = (
				E3D74D582632D2CE00B65024 /* Base */,
			);
			name = LaunchScreen.storyboard;
			sourceTree = "<group>";
		};
/* End PBXVariantGroup section */

/* Begin XCBuildConfiguration section */
		E3D74D712632D2CE00B65024 /* Debug */ = {
			isa = XCBuildConfiguration;
			buildSettings = {
				ALWAYS_SEARCH_USER_PATHS = NO;
				CLANG_ANALYZER_NONNULL = YES;
				CLANG_ANALYZER_NUMBER_OBJECT_CONVERSION = YES_AGGRESSIVE;
				CLANG_CXX_LANGUAGE_STANDARD = "gnu++14";
				CLANG_CXX_LIBRARY = "libc++";
				CLANG_ENABLE_MODULES = YES;
				CLANG_ENABLE_OBJC_ARC = YES;
				CLANG_ENABLE_OBJC_WEAK = YES;
				CLANG_WARN_BLOCK_CAPTURE_AUTORELEASING = YES;
				CLANG_WARN_BOOL_CONVERSION = YES;
				CLANG_WARN_COMMA = YES;
				CLANG_WARN_CONSTANT_CONVERSION = YES;
				CLANG_WARN_DEPRECATED_OBJC_IMPLEMENTATIONS = YES;
				CLANG_WARN_DIRECT_OBJC_ISA_USAGE = YES_ERROR;
				CLANG_WARN_DOCUMENTATION_COMMENTS = YES;
				CLANG_WARN_EMPTY_BODY = YES;
				CLANG_WARN_ENUM_CONVERSION = YES;
				CLANG_WARN_INFINITE_RECURSION = YES;
				CLANG_WARN_INT_CONVERSION = YES;
				CLANG_WARN_NON_LITERAL_NULL_CONVERSION = YES;
				CLANG_WARN_OBJC_IMPLICIT_RETAIN_SELF = YES;
				CLANG_WARN_OBJC_LITERAL_CONVERSION = YES;
				CLANG_WARN_OBJC_ROOT_CLASS = YES_ERROR;
				CLANG_WARN_QUOTED_INCLUDE_IN_FRAMEWORK_HEADER = YES;
				CLANG_WARN_RANGE_LOOP_ANALYSIS = YES;
				CLANG_WARN_STRICT_PROTOTYPES = YES;
				CLANG_WARN_SUSPICIOUS_MOVE = YES;
				CLANG_WARN_UNGUARDED_AVAILABILITY = YES_AGGRESSIVE;
				CLANG_WARN_UNREACHABLE_CODE = YES;
				CLANG_WARN__DUPLICATE_METHOD_MATCH = YES;
				COPY_PHASE_STRIP = NO;
				DEBUG_INFORMATION_FORMAT = dwarf;
				ENABLE_STRICT_OBJC_MSGSEND = YES;
				ENABLE_TESTABILITY = YES;
				GCC_C_LANGUAGE_STANDARD = gnu11;
				GCC_DYNAMIC_NO_PIC = NO;
				GCC_NO_COMMON_BLOCKS = YES;
				GCC_OPTIMIZATION_LEVEL = 0;
				GCC_PREPROCESSOR_DEFINITIONS = (
					"DEBUG=1",
					"$(inherited)",
				);
				GCC_WARN_64_TO_32_BIT_CONVERSION = YES;
				GCC_WARN_ABOUT_RETURN_TYPE = YES_ERROR;
				GCC_WARN_UNDECLARED_SELECTOR = YES;
				GCC_WARN_UNINITIALIZED_AUTOS = YES_AGGRESSIVE;
				GCC_WARN_UNUSED_FUNCTION = YES;
				GCC_WARN_UNUSED_VARIABLE = YES;
				IPHONEOS_DEPLOYMENT_TARGET = 14.5;
				MTL_ENABLE_DEBUG_INFO = INCLUDE_SOURCE;
				MTL_FAST_MATH = YES;
				ONLY_ACTIVE_ARCH = YES;
				SDKROOT = iphoneos;
				SWIFT_ACTIVE_COMPILATION_CONDITIONS = DEBUG;
				SWIFT_OPTIMIZATION_LEVEL = "-Onone";
			};
			name = Debug;
		};
		E3D74D722632D2CE00B65024 /* Release */ = {
			isa = XCBuildConfiguration;
			buildSettings = {
				ALWAYS_SEARCH_USER_PATHS = NO;
				CLANG_ANALYZER_NONNULL = YES;
				CLANG_ANALYZER_NUMBER_OBJECT_CONVERSION = YES_AGGRESSIVE;
				CLANG_CXX_LANGUAGE_STANDARD = "gnu++14";
				CLANG_CXX_LIBRARY = "libc++";
				CLANG_ENABLE_MODULES = YES;
				CLANG_ENABLE_OBJC_ARC = YES;
				CLANG_ENABLE_OBJC_WEAK = YES;
				CLANG_WARN_BLOCK_CAPTURE_AUTORELEASING = YES;
				CLANG_WARN_BOOL_CONVERSION = YES;
				CLANG_WARN_COMMA = YES;
				CLANG_WARN_CONSTANT_CONVERSION = YES;
				CLANG_WARN_DEPRECATED_OBJC_IMPLEMENTATIONS = YES;
				CLANG_WARN_DIRECT_OBJC_ISA_USAGE = YES_ERROR;
				CLANG_WARN_DOCUMENTATION_COMMENTS = YES;
				CLANG_WARN_EMPTY_BODY = YES;
				CLANG_WARN_ENUM_CONVERSION = YES;
				CLANG_WARN_INFINITE_RECURSION = YES;
				CLANG_WARN_INT_CONVERSION = YES;
				CLANG_WARN_NON_LITERAL_NULL_CONVERSION = YES;
				CLANG_WARN_OBJC_IMPLICIT_RETAIN_SELF = YES;
				CLANG_WARN_OBJC_LITERAL_CONVERSION = YES;
				CLANG_WARN_OBJC_ROOT_CLASS = YES_ERROR;
				CLANG_WARN_QUOTED_INCLUDE_IN_FRAMEWORK_HEADER = YES;
				CLANG_WARN_RANGE_LOOP_ANALYSIS = YES;
				CLANG_WARN_STRICT_PROTOTYPES = YES;
				CLANG_WARN_SUSPICIOUS_MOVE = YES;
				CLANG_WARN_UNGUARDED_AVAILABILITY = YES_AGGRESSIVE;
				CLANG_WARN_UNREACHABLE_CODE = YES;
				CLANG_WARN__DUPLICATE_METHOD_MATCH = YES;
				COPY_PHASE_STRIP = NO;
				DEBUG_INFORMATION_FORMAT = "dwarf-with-dsym";
				ENABLE_NS_ASSERTIONS = NO;
				ENABLE_STRICT_OBJC_MSGSEND = YES;
				GCC_C_LANGUAGE_STANDARD = gnu11;
				GCC_NO_COMMON_BLOCKS = YES;
				GCC_WARN_64_TO_32_BIT_CONVERSION = YES;
				GCC_WARN_ABOUT_RETURN_TYPE = YES_ERROR;
				GCC_WARN_UNDECLARED_SELECTOR = YES;
				GCC_WARN_UNINITIALIZED_AUTOS = YES_AGGRESSIVE;
				GCC_WARN_UNUSED_FUNCTION = YES;
				GCC_WARN_UNUSED_VARIABLE = YES;
				IPHONEOS_DEPLOYMENT_TARGET = 14.5;
				MTL_ENABLE_DEBUG_INFO = NO;
				MTL_FAST_MATH = YES;
				SDKROOT = iphoneos;
				SWIFT_COMPILATION_MODE = wholemodule;
				SWIFT_OPTIMIZATION_LEVEL = "-O";
				VALIDATE_PRODUCT = YES;
			};
			name = Release;
		};
		E3D74D742632D2CE00B65024 /* Debug */ = {
			isa = XCBuildConfiguration;
			buildSettings = {
				ASSETCATALOG_COMPILER_APPICON_NAME = AppIcon;
				ASSETCATALOG_COMPILER_GLOBAL_ACCENT_COLOR_NAME = AccentColor;
				CODE_SIGN_STYLE = Automatic;
				DEVELOPMENT_TEAM = 45325HKZCH;
				INFOPLIST_FILE = Session2/Info.plist;
				LD_RUNPATH_SEARCH_PATHS = (
					"$(inherited)",
					"@executable_path/Frameworks",
				);
				PRODUCT_BUNDLE_IDENTIFIER = TataCliq.Session2;
				PRODUCT_NAME = "$(TARGET_NAME)";
				SWIFT_VERSION = 5.0;
				TARGETED_DEVICE_FAMILY = "1,2";
			};
			name = Debug;
		};
		E3D74D752632D2CE00B65024 /* Release */ = {
			isa = XCBuildConfiguration;
			buildSettings = {
				ASSETCATALOG_COMPILER_APPICON_NAME = AppIcon;
				ASSETCATALOG_COMPILER_GLOBAL_ACCENT_COLOR_NAME = AccentColor;
				CODE_SIGN_STYLE = Automatic;
				DEVELOPMENT_TEAM = 45325HKZCH;
				INFOPLIST_FILE = Session2/Info.plist;
				LD_RUNPATH_SEARCH_PATHS = (
					"$(inherited)",
					"@executable_path/Frameworks",
				);
				PRODUCT_BUNDLE_IDENTIFIER = TataCliq.Session2;
				PRODUCT_NAME = "$(TARGET_NAME)";
				SWIFT_VERSION = 5.0;
				TARGETED_DEVICE_FAMILY = "1,2";
			};
			name = Release;
		};
		E3D74D772632D2CE00B65024 /* Debug */ = {
			isa = XCBuildConfiguration;
			buildSettings = {
				ALWAYS_EMBED_SWIFT_STANDARD_LIBRARIES = YES;
				BUNDLE_LOADER = "$(TEST_HOST)";
				CODE_SIGN_STYLE = Automatic;
				DEVELOPMENT_TEAM = 45325HKZCH;
				INFOPLIST_FILE = Session2Tests/Info.plist;
				IPHONEOS_DEPLOYMENT_TARGET = 14.5;
				LD_RUNPATH_SEARCH_PATHS = (
					"$(inherited)",
					"@executable_path/Frameworks",
					"@loader_path/Frameworks",
				);
				PRODUCT_BUNDLE_IDENTIFIER = TataCliq.Session2Tests;
				PRODUCT_NAME = "$(TARGET_NAME)";
				SWIFT_VERSION = 5.0;
				TARGETED_DEVICE_FAMILY = "1,2";
				TEST_HOST = "$(BUILT_PRODUCTS_DIR)/Session2.app/Session2";
			};
			name = Debug;
		};
		E3D74D782632D2CE00B65024 /* Release */ = {
			isa = XCBuildConfiguration;
			buildSettings = {
				ALWAYS_EMBED_SWIFT_STANDARD_LIBRARIES = YES;
				BUNDLE_LOADER = "$(TEST_HOST)";
				CODE_SIGN_STYLE = Automatic;
				DEVELOPMENT_TEAM = 45325HKZCH;
				INFOPLIST_FILE = Session2Tests/Info.plist;
				IPHONEOS_DEPLOYMENT_TARGET = 14.5;
				LD_RUNPATH_SEARCH_PATHS = (
					"$(inherited)",
					"@executable_path/Frameworks",
					"@loader_path/Frameworks",
				);
				PRODUCT_BUNDLE_IDENTIFIER = TataCliq.Session2Tests;
				PRODUCT_NAME = "$(TARGET_NAME)";
				SWIFT_VERSION = 5.0;
				TARGETED_DEVICE_FAMILY = "1,2";
				TEST_HOST = "$(BUILT_PRODUCTS_DIR)/Session2.app/Session2";
			};
			name = Release;
		};
		E3D74D7A2632D2CE00B65024 /* Debug */ = {
			isa = XCBuildConfiguration;
			buildSettings = {
				ALWAYS_EMBED_SWIFT_STANDARD_LIBRARIES = YES;
				CODE_SIGN_STYLE = Automatic;
				DEVELOPMENT_TEAM = 45325HKZCH;
				INFOPLIST_FILE = Session2UITests/Info.plist;
				LD_RUNPATH_SEARCH_PATHS = (
					"$(inherited)",
					"@executable_path/Frameworks",
					"@loader_path/Frameworks",
				);
				PRODUCT_BUNDLE_IDENTIFIER = TataCliq.Session2UITests;
				PRODUCT_NAME = "$(TARGET_NAME)";
				SWIFT_VERSION = 5.0;
				TARGETED_DEVICE_FAMILY = "1,2";
				TEST_TARGET_NAME = Session2;
			};
			name = Debug;
		};
		E3D74D7B2632D2CE00B65024 /* Release */ = {
			isa = XCBuildConfiguration;
			buildSettings = {
				ALWAYS_EMBED_SWIFT_STANDARD_LIBRARIES = YES;
				CODE_SIGN_STYLE = Automatic;
				DEVELOPMENT_TEAM = 45325HKZCH;
				INFOPLIST_FILE = Session2UITests/Info.plist;
				LD_RUNPATH_SEARCH_PATHS = (
					"$(inherited)",
					"@executable_path/Frameworks",
					"@loader_path/Frameworks",
				);
				PRODUCT_BUNDLE_IDENTIFIER = TataCliq.Session2UITests;
				PRODUCT_NAME = "$(TARGET_NAME)";
				SWIFT_VERSION = 5.0;
				TARGETED_DEVICE_FAMILY = "1,2";
				TEST_TARGET_NAME = Session2;
			};
			name = Release;
		};
/* End XCBuildConfiguration section */

/* Begin XCConfigurationList section */
		E3D74D442632D2CB00B65024 /* Build configuration list for PBXProject "Session2" */ = {
			isa = XCConfigurationList;
			buildConfigurations = (
				E3D74D712632D2CE00B65024 /* Debug */,
				E3D74D722632D2CE00B65024 /* Release */,
			);
			defaultConfigurationIsVisible = 0;
			defaultConfigurationName = Release;
		};
		E3D74D732632D2CE00B65024 /* Build configuration list for PBXNativeTarget "Session2" */ = {
			isa = XCConfigurationList;
			buildConfigurations = (
				E3D74D742632D2CE00B65024 /* Debug */,
				E3D74D752632D2CE00B65024 /* Release */,
			);
			defaultConfigurationIsVisible = 0;
			defaultConfigurationName = Release;
		};
		E3D74D762632D2CE00B65024 /* Build configuration list for PBXNativeTarget "Session2Tests" */ = {
			isa = XCConfigurationList;
			buildConfigurations = (
				E3D74D772632D2CE00B65024 /* Debug */,
				E3D74D782632D2CE00B65024 /* Release */,
			);
			defaultConfigurationIsVisible = 0;
			defaultConfigurationName = Release;
		};
		E3D74D792632D2CE00B65024 /* Build configuration list for PBXNativeTarget "Session2UITests" */ = {
			isa = XCConfigurationList;
			buildConfigurations = (
				E3D74D7A2632D2CE00B65024 /* Debug */,
				E3D74D7B2632D2CE00B65024 /* Release */,
			);
			defaultConfigurationIsVisible = 0;
			defaultConfigurationName = Release;
		};
/* End XCConfigurationList section */
	};
	rootObject = E3D74D412632D2CB00B65024 /* Project object */;
}
